<Solution>
  <Folder Name="/common/">
    <File Path=".gitignore" />
    <File Path="Directory.Packages.props" />
    <File Path="Directory.Build.props" />
    <File Path="README.md" />
  </Folder>
  <Folder Name="/src/" />
  <Folder Name="/src/aspire/">
    <Project Path="src/aspire/Bank-System-Api.ServiceDefaults/Bank-System-Api.ServiceDefaults.csproj" />
    <Project Path="src/aspire/BankSystemApi.Aspire/BankSystemApi.Aspire.csproj" />
  </Folder>
  <Folder Name="/src/gateway/">
    <Project Path="src/gateway/BankSystemApi.Gateway/BankSystemApi.Gateway.csproj" />
  </Folder>
  <Folder Name="/src/gateway/Application/">
    <Project Path="src/gateway/Application/BankSystemApi.Gateway.Application.Abstractions/BankSystemApi.Gateway.Application.Abstractions.csproj" />
    <Project Path="src/gateway/Application/BankSystemApi.Gateway.Application.Contracts/BankSystemApi.Gateway.Application.Contracts.csproj" />
    <Project Path="src/gateway/Application/BankSystemApi.Gateway.Application/BankSystemApi.Gateway.Application.csproj" />
  </Folder>
  <Folder Name="/src/gateway/Infrastructure/">
    <Project Path="src/gateway/Infrastructure/BankSystemApi.Gateway.Infrastructure.BankService/BankSystemApi.Gateway.Infrastructure.BankService.csproj" />
  </Folder>
  <Folder Name="/src/gateway/Presentation/">
    <Project Path="src/gateway/Presentation/BankSystemApi.Gateway.Presentation.Http/BankSystemApi.Gateway.Presentation.Http.csproj" />
  </Folder>
  <Folder Name="/src/service/">
    <Project Path="src/service/BankSystemApi/BankSystemApi.csproj" />
  </Folder>
  <Folder Name="/src/service/Application/">
    <Project Path="src/service/Application/BankSystemApi.Application.Abstractions/BankSystemApi.Application.Abstractions.csproj" />
    <Project Path="src/service/Application/BankSystemApi.Application.Contracts/BankSystemApi.Application.Contracts.csproj" />
    <Project Path="src/service/Application/BankSystemApi.Application/BankSystemApi.Application.csproj" />
  </Folder>
  <Folder Name="/src/service/Domain/">
    <Project Path="src/service/Domain/BankSystemApi.Domain/BankSystemApi.Domain.csproj" />
  </Folder>
  <Folder Name="/src/service/Infrastructure/">
    <Project Path="src/service/Infrastructure/BankSystemApi.Infrastructure.Persistence/BankSystemApi.Infrastructure.Persistence.csproj" />
  </Folder>
  <Folder Name="/src/service/Presentation/">
    <Project Path="src/service/Presentation/BankSystemApi.Presentation.Grpc/BankSystemApi.Presentation.Grpc.csproj" />
  </Folder>
</Solution>